
Microsoft Visual Studio Solution File, Format Version 12.00
# Visual Studio Version 16
VisualStudioVersion = 16.0.30204.135
MinimumVisualStudioVersion = 10.0.40219.1
Project("{9A19103F-16F7-4668-BE54-9A1E7A4F7556}") = "QingShan.Web", "QingShan.Web\QingShan.Web.csproj", "{40A4C4D6-82E5-47FA-9C14-0B5901FC803A}"
EndProject
Project("{9A19103F-16F7-4668-BE54-9A1E7A4F7556}") = "QingShan.Services", "QingShan.ServiceLayer\QingShan.Services.csproj", "{E60C5416-9EF1-4638-BFB0-84CBA826FF7A}"
EndProject
Project("{9A19103F-16F7-4668-BE54-9A1E7A4F7556}") = "QingShan.DataLayer", "QingShan.DataLayer\QingShan.DataLayer.csproj", "{E676FCCB-A31A-4E96-A046-E425F08EC014}"
EndProject
Project("{9A19103F-16F7-4668-BE54-9A1E7A4F7556}") = "QingShan.Core", "QingShan.Core\QingShan.Core.csproj", "{DE5C1F1C-A9BC-412D-8C8F-5B3985F6BDD0}"
EndProject
Project("{9A19103F-16F7-4668-BE54-9A1E7A4F7556}") = "QingShan.Test", "QingShan.Test\QingShan.Test.csproj", "{32761B72-E151-46B8-8C89-9F00CD11C67D}"
EndProject
Project("{2150E333-8FDC-42A3-9474-1A3956D46DE8}") = "Solution Items", "Solution Items", "{55BB3B32-FFCF-49C1-9F17-BFCC6F69CED0}"
	ProjectSection(SolutionItems) = preProject
		.editorconfig = .editorconfig
	EndProjectSection
EndProject
Project("{2150E333-8FDC-42A3-9474-1A3956D46DE8}") = "src", "src", "{D0775B8D-2B3F-4E65-8CA0-0B5818157FEC}"
EndProject
Project("{2150E333-8FDC-42A3-9474-1A3956D46DE8}") = "test", "test", "{9246273E-C1B9-4EC9-B8F9-9660F780C6E0}"
EndProject
Project("{9A19103F-16F7-4668-BE54-9A1E7A4F7556}") = "QingShan", "QingShan\QingShan.csproj", "{A36AC3A7-C378-416B-A3D6-FEF0EFA00168}"
EndProject
Project("{FAE04EC0-301F-11D3-BF4B-00C04F79EFBC}") = "QingShan.Common", "QingShan.Common\QingShan.Common.csproj", "{66E840A3-14F3-494B-886B-3D8649BDAA5F}"
EndProject
Global
	GlobalSection(SolutionConfigurationPlatforms) = preSolution
		Debug|Any CPU = Debug|Any CPU
		Release|Any CPU = Release|Any CPU
	EndGlobalSection
	GlobalSection(ProjectConfigurationPlatforms) = postSolution
		{40A4C4D6-82E5-47FA-9C14-0B5901FC803A}.Debug|Any CPU.ActiveCfg = Debug|Any CPU
		{40A4C4D6-82E5-47FA-9C14-0B5901FC803A}.Debug|Any CPU.Build.0 = Debug|Any CPU
		{40A4C4D6-82E5-47FA-9C14-0B5901FC803A}.Release|Any CPU.ActiveCfg = Release|Any CPU
		{40A4C4D6-82E5-47FA-9C14-0B5901FC803A}.Release|Any CPU.Build.0 = Release|Any CPU
		{E60C5416-9EF1-4638-BFB0-84CBA826FF7A}.Debug|Any CPU.ActiveCfg = Debug|Any CPU
		{E60C5416-9EF1-4638-BFB0-84CBA826FF7A}.Debug|Any CPU.Build.0 = Debug|Any CPU
		{E60C5416-9EF1-4638-BFB0-84CBA826FF7A}.Release|Any CPU.ActiveCfg = Release|Any CPU
		{E60C5416-9EF1-4638-BFB0-84CBA826FF7A}.Release|Any CPU.Build.0 = Release|Any CPU
		{E676FCCB-A31A-4E96-A046-E425F08EC014}.Debug|Any CPU.ActiveCfg = Debug|Any CPU
		{E676FCCB-A31A-4E96-A046-E425F08EC014}.Debug|Any CPU.Build.0 = Debug|Any CPU
		{E676FCCB-A31A-4E96-A046-E425F08EC014}.Release|Any CPU.ActiveCfg = Release|Any CPU
		{E676FCCB-A31A-4E96-A046-E425F08EC014}.Release|Any CPU.Build.0 = Release|Any CPU
		{DE5C1F1C-A9BC-412D-8C8F-5B3985F6BDD0}.Debug|Any CPU.ActiveCfg = Debug|Any CPU
		{DE5C1F1C-A9BC-412D-8C8F-5B3985F6BDD0}.Debug|Any CPU.Build.0 = Debug|Any CPU
		{DE5C1F1C-A9BC-412D-8C8F-5B3985F6BDD0}.Release|Any CPU.ActiveCfg = Release|Any CPU
		{DE5C1F1C-A9BC-412D-8C8F-5B3985F6BDD0}.Release|Any CPU.Build.0 = Release|Any CPU
		{32761B72-E151-46B8-8C89-9F00CD11C67D}.Debug|Any CPU.ActiveCfg = Debug|Any CPU
		{32761B72-E151-46B8-8C89-9F00CD11C67D}.Debug|Any CPU.Build.0 = Debug|Any CPU
		{32761B72-E151-46B8-8C89-9F00CD11C67D}.Release|Any CPU.ActiveCfg = Release|Any CPU
		{32761B72-E151-46B8-8C89-9F00CD11C67D}.Release|Any CPU.Build.0 = Release|Any CPU
		{A36AC3A7-C378-416B-A3D6-FEF0EFA00168}.Debug|Any CPU.ActiveCfg = Debug|Any CPU
		{A36AC3A7-C378-416B-A3D6-FEF0EFA00168}.Debug|Any CPU.Build.0 = Debug|Any CPU
		{A36AC3A7-C378-416B-A3D6-FEF0EFA00168}.Release|Any CPU.ActiveCfg = Release|Any CPU
		{A36AC3A7-C378-416B-A3D6-FEF0EFA00168}.Release|Any CPU.Build.0 = Release|Any CPU
		{66E840A3-14F3-494B-886B-3D8649BDAA5F}.Debug|Any CPU.ActiveCfg = Debug|Any CPU
		{66E840A3-14F3-494B-886B-3D8649BDAA5F}.Debug|Any CPU.Build.0 = Debug|Any CPU
		{66E840A3-14F3-494B-886B-3D8649BDAA5F}.Release|Any CPU.ActiveCfg = Release|Any CPU
		{66E840A3-14F3-494B-886B-3D8649BDAA5F}.Release|Any CPU.Build.0 = Release|Any CPU
	EndGlobalSection
	GlobalSection(SolutionProperties) = preSolution
		HideSolutionNode = FALSE
	EndGlobalSection
	GlobalSection(NestedProjects) = preSolution
		{40A4C4D6-82E5-47FA-9C14-0B5901FC803A} = {D0775B8D-2B3F-4E65-8CA0-0B5818157FEC}
		{E60C5416-9EF1-4638-BFB0-84CBA826FF7A} = {D0775B8D-2B3F-4E65-8CA0-0B5818157FEC}
		{E676FCCB-A31A-4E96-A046-E425F08EC014} = {D0775B8D-2B3F-4E65-8CA0-0B5818157FEC}
		{DE5C1F1C-A9BC-412D-8C8F-5B3985F6BDD0} = {D0775B8D-2B3F-4E65-8CA0-0B5818157FEC}
		{32761B72-E151-46B8-8C89-9F00CD11C67D} = {9246273E-C1B9-4EC9-B8F9-9660F780C6E0}
		{A36AC3A7-C378-416B-A3D6-FEF0EFA00168} = {D0775B8D-2B3F-4E65-8CA0-0B5818157FEC}
		{66E840A3-14F3-494B-886B-3D8649BDAA5F} = {D0775B8D-2B3F-4E65-8CA0-0B5818157FEC}
	EndGlobalSection
	GlobalSection(ExtensibilityGlobals) = postSolution
		SolutionGuid = {0FB968FF-4FDF-4F8F-A932-9E0C8F990097}
	EndGlobalSection
EndGlobal
