
Microsoft Visual Studio Solution File, Format Version 12.00
# Visual Studio Version 17
VisualStudioVersion = 17.1.31911.260
MinimumVisualStudioVersion = 10.0.40219.1
Project("{9A19103F-16F7-4668-BE54-9A1E7A4F7556}") = "Template.Web", ".\Template.Web\Template.Web.csproj", "{46A6D8F9-40AB-41D0-A9F9-6D5D03350FD6}"
EndProject
Project("{9A19103F-16F7-4668-BE54-9A1E7A4F7556}") = "Template.Services", ".\Template.Services\Template.Services.csproj", "{90B0C083-B631-49A8-8E39-BC9324A0702C}"
EndProject
Project("{9A19103F-16F7-4668-BE54-9A1E7A4F7556}") = "Template.Data", ".\Template.Data\Template.Data.csproj", "{C07D4809-4FC3-4646-9139-4A780115A886}"
EndProject
Global
	GlobalSection(SolutionConfigurationPlatforms) = preSolution
		Debug|Any CPU = Debug|Any CPU
		Release|Any CPU = Release|Any CPU
	EndGlobalSection
	GlobalSection(ProjectConfigurationPlatforms) = postSolution
		{46A6D8F9-40AB-41D0-A9F9-6D5D03350FD6}.Debug|Any CPU.ActiveCfg = Debug|Any CPU
		{46A6D8F9-40AB-41D0-A9F9-6D5D03350FD6}.Debug|Any CPU.Build.0 = Debug|Any CPU
		{46A6D8F9-40AB-41D0-A9F9-6D5D03350FD6}.Release|Any CPU.ActiveCfg = Release|Any CPU
		{46A6D8F9-40AB-41D0-A9F9-6D5D03350FD6}.Release|Any CPU.Build.0 = Release|Any CPU
		{90B0C083-B631-49A8-8E39-BC9324A0702C}.Debug|Any CPU.ActiveCfg = Debug|Any CPU
		{90B0C083-B631-49A8-8E39-BC9324A0702C}.Debug|Any CPU.Build.0 = Debug|Any CPU
		{90B0C083-B631-49A8-8E39-BC9324A0702C}.Release|Any CPU.ActiveCfg = Release|Any CPU
		{90B0C083-B631-49A8-8E39-BC9324A0702C}.Release|Any CPU.Build.0 = Release|Any CPU
		{C07D4809-4FC3-4646-9139-4A780115A886}.Debug|Any CPU.ActiveCfg = Debug|Any CPU
		{C07D4809-4FC3-4646-9139-4A780115A886}.Debug|Any CPU.Build.0 = Debug|Any CPU
		{C07D4809-4FC3-4646-9139-4A780115A886}.Release|Any CPU.ActiveCfg = Release|Any CPU
		{C07D4809-4FC3-4646-9139-4A780115A886}.Release|Any CPU.Build.0 = Release|Any CPU
	EndGlobalSection
	GlobalSection(SolutionProperties) = preSolution
		HideSolutionNode = FALSE
	EndGlobalSection
	GlobalSection(ExtensibilityGlobals) = postSolution
		SolutionGuid = {37412F5B-ECA5-4948-9CCE-BB73090ECC15}
	EndGlobalSection
EndGlobal
